{
	"name": "@vue/compiler-core",
	"version": "3.0.0-alpha.1",
	"lockfileVersion": 1,
	"requires": true,
	"dependencies": {
		"acorn": {
			"version": "7.1.0",
			"resolved": "https://registry.npm.taobao.org/acorn/download/acorn-7.1.0.tgz?cache=0&other_urls=https%3A%2F%2Fregistry.npm.taobao.org%2Facorn%2Fdownload%2Facorn-7.1.0.tgz",
			"integrity": "sha1-lJ028sKSU12mAig1hsJHfFfrLWw="
		},
		"estree-walker": {
			"version": "0.8.1",
			"resolved": "https://registry.npm.taobao.org/estree-walker/download/estree-walker-0.8.1.tgz",
			"integrity": "sha1-YjDOLsmlywOIivyvKV+X2QqlK3k="
		},
		"source-map": {
			"version": "0.7.3",
			"resolved": "http://registry.npm.taobao.org/source-map/download/source-map-0.7.3.tgz",
			"integrity": "sha1-UwL4FpAxc1ImVECS5kmB91F1A4M="
		}
	}
}
