{
	"name": "@vue/compiler-core",
	"version": "3.0.0-alpha.1",
	"lockfileVersion": 1,
	"requires": true,
	"dependencies": {
		"acorn": {
			"version": "7.1.1",
			"resolved": "https://registry.npmjs.org/acorn/-/acorn-7.1.1.tgz",
			"integrity": "sha512-add7dgA5ppRPxCFJoAGfMDi7PIBXq1RtGo7BhbLaxwrXPOmw8gq48Y9ozT01hUKy9byMjlR20EJhu5zlkErEkg=="
		},
		"estree-walker": {
			"version": "0.8.1",
			"resolved": "https://registry.npm.taobao.org/estree-walker/download/estree-walker-0.8.1.tgz",
			"integrity": "sha1-YjDOLsmlywOIivyvKV+X2QqlK3k="
		},
		"source-map": {
			"version": "0.7.3",
			"resolved": "http://registry.npm.taobao.org/source-map/download/source-map-0.7.3.tgz",
			"integrity": "sha1-UwL4FpAxc1ImVECS5kmB91F1A4M="
		}
	}
}
